
Microsoft Visual Studio Solution File, Format Version 12.00
# Visual Studio 15
VisualStudioVersion = 15.0.28010.2041
MinimumVisualStudioVersion = 10.0.40219.1
Project("{FAE04EC0-301F-11D3-BF4B-00C04F79EFBC}") = "ConvertDataConsole", "ConvertDataConsole\ConvertDataConsole.csproj", "{3AC466CC-E816-447D-872D-4CB5F7C87819}"
EndProject
Global
	GlobalSection(SolutionConfigurationPlatforms) = preSolution
		Debug|Any CPU = Debug|Any CPU
		Release|Any CPU = Release|Any CPU
	EndGlobalSection
	GlobalSection(ProjectConfigurationPlatforms) = postSolution
		{3AC466CC-E816-447D-872D-4CB5F7C87819}.Debug|Any CPU.ActiveCfg = Debug|Any CPU
		{3AC466CC-E816-447D-872D-4CB5F7C87819}.Debug|Any CPU.Build.0 = Debug|Any CPU
		{3AC466CC-E816-447D-872D-4CB5F7C87819}.Release|Any CPU.ActiveCfg = Release|Any CPU
		{3AC466CC-E816-447D-872D-4CB5F7C87819}.Release|Any CPU.Build.0 = Release|Any CPU
	EndGlobalSection
	GlobalSection(SolutionProperties) = preSolution
		HideSolutionNode = FALSE
	EndGlobalSection
	GlobalSection(ExtensibilityGlobals) = postSolution
		SolutionGuid = {4B21ACEA-7A17-41E9-BC0C-32DA38A9B274}
	EndGlobalSection
EndGlobal
